<?xml version="1.0" encoding="utf-8"?>
<Project ToolsVersion="4.0" xmlns="http://schemas.microsoft.com/developer/msbuild/2003">
  <ItemGroup>
    <Filter Include="Include">
      <UniqueIdentifier>{34550a43-a5c9-44b3-8e22-9a3e0201a3ba}</UniqueIdentifier>
    </Filter>
    <Filter Include="Include\Oak">
      <UniqueIdentifier>{d220f48d-4f8f-4500-845d-474c3fce89bc}</UniqueIdentifier>
    </Filter>
    <Filter Include="Source">
      <UniqueIdentifier>{b445296b-3e55-4ef9-b9ec-171a4b9741d4}</UniqueIdentifier>
    </Filter>
    <Filter Include="Source\Oak">
      <UniqueIdentifier>{ddd1b330-55a9-4ba0-8dc4-6033079f24bc}</UniqueIdentifier>
    </Filter>
    <Filter Include="Include\Oak\Platform">
      <UniqueIdentifier>{262c83f0-093d-4957-b6d1-9df3bceb1d67}</UniqueIdentifier>
    </Filter>
    <Filter Include="Source\Oak\Platform">
      <UniqueIdentifier>{032b8620-0752-40a1-aba4-b8d1c146be14}</UniqueIdentifier>
    </Filter>
    <Filter Include="Include\Oak\Platform\Graphics">
      <UniqueIdentifier>{150847dc-2109-4801-955a-1c74ec72cf8b}</UniqueIdentifier>
    </Filter>
    <Filter Include="Include\Oak\Platform\Physics">
      <UniqueIdentifier>{1f5d4178-80a1-4d4f-8f78-b09d28684def}</UniqueIdentifier>
    </Filter>
    <Filter Include="Include\Oak\Platform\Thread">
      <UniqueIdentifier>{95073c10-8970-4470-9603-40c928919af1}</UniqueIdentifier>
    </Filter>
    <Filter Include="Source\Oak\Platform\Graphics">
      <UniqueIdentifier>{628d45bf-21cd-40ac-a46f-77dcc06ae88f}</UniqueIdentifier>
    </Filter>
    <Filter Include="Source\Oak\Platform\Thread">
      <UniqueIdentifier>{699c15f9-4fe9-4b81-86f8-d2dd9c0f7d12}</UniqueIdentifier>
    </Filter>
    <Filter Include="Source\Oak\Platform\Physics">
      <UniqueIdentifier>{ce107058-999b-408b-8436-2fb0f2d68650}</UniqueIdentifier>
    </Filter>
    <Filter Include="Include\Oak\Platform\OS">
      <UniqueIdentifier>{84c60d0d-11c7-4a47-9399-aa940a20a380}</UniqueIdentifier>
    </Filter>
    <Filter Include="Include\Oak\Platform\Thread\Win32">
      <UniqueIdentifier>{bee09f9e-6a81-4476-a981-f7c227f57230}</UniqueIdentifier>
    </Filter>
    <Filter Include="Source\Oak\Platform\Thread\Win32">
      <UniqueIdentifier>{166a5750-b121-4bb8-b4ce-5f4e434fab15}</UniqueIdentifier>
    </Filter>
    <Filter Include="Include\Oak\Platform\Timer">
      <UniqueIdentifier>{2763e9a8-fcfa-4d72-bc97-ad4ea8158fcf}</UniqueIdentifier>
    </Filter>
    <Filter Include="Source\Oak\Platform\Timer">
      <UniqueIdentifier>{4f3af9a7-ed23-4747-a7bd-5d43f4d66fef}</UniqueIdentifier>
    </Filter>
    <Filter Include="Include\Oak\Platform\Timer\Win32">
      <UniqueIdentifier>{95a4d7cb-c99e-4a24-8f1a-ab363f699bf9}</UniqueIdentifier>
    </Filter>
    <Filter Include="Source\Oak\Platform\Timer\Win32">
      <UniqueIdentifier>{f3cb9f3d-1257-4662-9aad-b913756798f0}</UniqueIdentifier>
    </Filter>
    <Filter Include="Include\Oak\Platform\FileSystem">
      <UniqueIdentifier>{a44f81b0-b39f-474c-a3dc-ff8c28e600b0}</UniqueIdentifier>
    </Filter>
    <Filter Include="Include\Oak\Platform\FileSystem\Win32">
      <UniqueIdentifier>{1999e628-5d4a-48ef-bb41-023cbc2b5e95}</UniqueIdentifier>
    </Filter>
    <Filter Include="Include\Oak\Platform\Thread\Interface">
      <UniqueIdentifier>{c18a9658-6eb4-4c7b-a136-6858482bfc32}</UniqueIdentifier>
    </Filter>
    <Filter Include="Include\Oak\Platform\Timer\Interface">
      <UniqueIdentifier>{82ed294d-60c2-40c2-b7b0-d5dc0937ac3d}</UniqueIdentifier>
    </Filter>
    <Filter Include="Include\Oak\Platform\FileSystem\Interface">
      <UniqueIdentifier>{7e1161f6-1f9d-42e5-9365-18856dac4d2a}</UniqueIdentifier>
    </Filter>
    <Filter Include="Source\Oak\Platform\FileSystem">
      <UniqueIdentifier>{8ba3f3d7-72a3-43c4-87ae-0d3f786024b6}</UniqueIdentifier>
    </Filter>
    <Filter Include="Include\Oak\Platform\NetWork">
      <UniqueIdentifier>{e8a8f2a1-2c73-41de-a1e4-22fd07ba6204}</UniqueIdentifier>
    </Filter>
    <Filter Include="Include\Oak\Platform\NetWork\Interface">
      <UniqueIdentifier>{6e690673-9a93-470b-aa7f-6a7e43d94536}</UniqueIdentifier>
    </Filter>
    <Filter Include="Include\Oak\Platform\NetWork\Win32">
      <UniqueIdentifier>{f323a578-30e4-4c17-8e8b-7b69777cbe2d}</UniqueIdentifier>
    </Filter>
    <Filter Include="Source\Oak\Platform\NetWork">
      <UniqueIdentifier>{6a5594e7-1bac-45a5-8d38-74a2ef742aa1}</UniqueIdentifier>
    </Filter>
    <Filter Include="Source\Oak\Platform\NetWork\Win32">
      <UniqueIdentifier>{a7c58471-a577-467f-bb19-183df18060c9}</UniqueIdentifier>
    </Filter>
  </ItemGroup>
  <ItemGroup>
    <ClInclude Include="..\..\..\Include\Oak\Platform\PlatformDetection.hpp">
      <Filter>Include\Oak\Platform</Filter>
    </ClInclude>
    <ClInclude Include="..\..\..\Include\Oak\Platform\AtomicDataTypes.hpp">
      <Filter>Include\Oak\Platform</Filter>
    </ClInclude>
    <ClInclude Include="..\..\..\Include\Oak\Platform\FileSystem.hpp">
      <Filter>Include\Oak\Platform</Filter>
    </ClInclude>
    <ClInclude Include="..\..\..\Include\Oak\Platform\NetWork.hpp">
      <Filter>Include\Oak\Platform</Filter>
    </ClInclude>
    <ClInclude Include="..\..\..\Include\Oak\Platform\OS\Win32.hpp">
      <Filter>Include\Oak\Platform\OS</Filter>
    </ClInclude>
    <ClInclude Include="..\..\..\Include\Oak\Platform\Thread\Mutex.hpp">
      <Filter>Include\Oak\Platform\Thread</Filter>
    </ClInclude>
    <ClInclude Include="..\..\..\Include\Oak\Platform\Thread\Win32\XMutex_Win32.hpp">
      <Filter>Include\Oak\Platform\Thread\Win32</Filter>
    </ClInclude>
    <ClInclude Include="..\..\..\Include\Oak\Platform\Thread\CriticalSection.hpp">
      <Filter>Include\Oak\Platform\Thread</Filter>
    </ClInclude>
    <ClInclude Include="..\..\..\Include\Oak\Platform\Thread\Semaphore.hpp">
      <Filter>Include\Oak\Platform\Thread</Filter>
    </ClInclude>
    <ClInclude Include="..\..\..\Include\Oak\Platform\Thread\Event.hpp">
      <Filter>Include\Oak\Platform\Thread</Filter>
    </ClInclude>
    <ClInclude Include="..\..\..\Include\Oak\Platform\Thread\Win32\XSemapore_Win32.hpp">
      <Filter>Include\Oak\Platform\Thread\Win32</Filter>
    </ClInclude>
    <ClInclude Include="..\..\..\Include\Oak\Platform\Thread\Win32\XCriticalSection_Win32.hpp">
      <Filter>Include\Oak\Platform\Thread\Win32</Filter>
    </ClInclude>
    <ClInclude Include="..\..\..\Include\Oak\Platform\Thread\Win32\XEvent_Win32.hpp">
      <Filter>Include\Oak\Platform\Thread\Win32</Filter>
    </ClInclude>
    <ClInclude Include="..\..\..\Include\Oak\Platform\Thread\Thread.hpp">
      <Filter>Include\Oak\Platform\Thread</Filter>
    </ClInclude>
    <ClInclude Include="..\..\..\Include\Oak\Platform\Thread\Win32\XThread_Win32.hpp">
      <Filter>Include\Oak\Platform\Thread\Win32</Filter>
    </ClInclude>
    <ClInclude Include="..\..\..\Include\Oak\Platform\Timer.hpp">
      <Filter>Include\Oak\Platform</Filter>
    </ClInclude>
    <ClInclude Include="..\..\..\Include\Oak\Platform\Timer\Win32\Timer_Win32.hpp">
      <Filter>Include\Oak\Platform\Timer\Win32</Filter>
    </ClInclude>
    <ClInclude Include="..\..\..\Include\Oak\Platform\Thread\Interface\ICriticalSection.hpp">
      <Filter>Include\Oak\Platform\Thread\Interface</Filter>
    </ClInclude>
    <ClInclude Include="..\..\..\Include\Oak\Platform\Thread\Interface\IMutex.hpp">
      <Filter>Include\Oak\Platform\Thread\Interface</Filter>
    </ClInclude>
    <ClInclude Include="..\..\..\Include\Oak\Platform\Thread\Interface\ISemaphore.hpp">
      <Filter>Include\Oak\Platform\Thread\Interface</Filter>
    </ClInclude>
    <ClInclude Include="..\..\..\Include\Oak\Platform\Thread\Interface\IEvent.hpp">
      <Filter>Include\Oak\Platform\Thread\Interface</Filter>
    </ClInclude>
    <ClInclude Include="..\..\..\Include\Oak\Platform\Thread\Interface\IThread.hpp">
      <Filter>Include\Oak\Platform\Thread\Interface</Filter>
    </ClInclude>
    <ClInclude Include="..\..\..\Include\Oak\Platform\Timer\Interface\ITimer.hpp">
      <Filter>Include\Oak\Platform\Timer\Interface</Filter>
    </ClInclude>
    <ClInclude Include="..\..\..\Include\Oak\Platform\FileSystem\Interface\IFileSystem.hpp">
      <Filter>Include\Oak\Platform\FileSystem\Interface</Filter>
    </ClInclude>
    <ClInclude Include="..\..\..\Include\Oak\Platform\FileSystem\Win32\XFileSystem_Win32.hpp">
      <Filter>Include\Oak\Platform\FileSystem\Win32</Filter>
    </ClInclude>
    <ClInclude Include="..\..\..\Include\Oak\Platform\NetWork\Interface\ISocket.hpp">
      <Filter>Include\Oak\Platform\NetWork\Interface</Filter>
    </ClInclude>
    <ClInclude Include="..\..\..\Include\Oak\Platform\NetWork\Win32\XSocket_Win32.hpp">
      <Filter>Include\Oak\Platform\NetWork\Win32</Filter>
    </ClInclude>
  </ItemGroup>
  <ItemGroup>
    <ClCompile Include="..\..\..\Source\Oak\Platform\Thread\Win32\XCriticalSection_Win32.cpp">
      <Filter>Source\Oak\Platform\Thread\Win32</Filter>
    </ClCompile>
    <ClCompile Include="..\..\..\Source\Oak\Platform\Thread\Win32\XMutex_Win32.cpp">
      <Filter>Source\Oak\Platform\Thread\Win32</Filter>
    </ClCompile>
    <ClCompile Include="..\..\..\Source\Oak\Platform\Thread\Win32\XSemaphore_Win32.cpp">
      <Filter>Source\Oak\Platform\Thread\Win32</Filter>
    </ClCompile>
    <ClCompile Include="..\..\..\Source\Oak\Platform\Thread\Win32\XEvent_Win32.cpp">
      <Filter>Source\Oak\Platform\Thread\Win32</Filter>
    </ClCompile>
    <ClCompile Include="..\..\..\Source\Oak\Platform\Thread\Win32\XThread_Win32.cpp">
      <Filter>Source\Oak\Platform\Thread\Win32</Filter>
    </ClCompile>
    <ClCompile Include="..\..\..\Source\Oak\Platform\Timer\Win32\Timer_Win32.cpp">
      <Filter>Source\Oak\Platform\Timer\Win32</Filter>
    </ClCompile>
    <ClCompile Include="..\..\..\Source\Oak\Platform\FileSystem\Win32\XFileSystem_Win32.cpp">
      <Filter>Source\Oak\Platform\FileSystem</Filter>
    </ClCompile>
    <ClCompile Include="..\..\..\Source\Oak\Platform\NetWork\Win32\XSocket_Win32.cpp">
      <Filter>Source\Oak\Platform\NetWork\Win32</Filter>
    </ClCompile>
  </ItemGroup>
</Project>