<?xml version="1.0" encoding="utf-8"?>
<Project ToolsVersion="4.0" xmlns="http://schemas.microsoft.com/developer/msbuild/2003">
  <ItemGroup>
    <Filter Include="Test">
      <UniqueIdentifier>{b0524de0-8f2e-4737-acb7-a9023f0da71f}</UniqueIdentifier>
    </Filter>
    <Filter Include="Test\Oak">
      <UniqueIdentifier>{516f7fae-06a0-407c-967d-c16aa62eb2dc}</UniqueIdentifier>
    </Filter>
    <Filter Include="Test\Oak\Platform">
      <UniqueIdentifier>{ad86bff4-3bb2-42b1-a66a-2d716387e625}</UniqueIdentifier>
    </Filter>
    <Filter Include="Test\Oak\Platform\Thread">
      <UniqueIdentifier>{e61d282c-002a-40c2-a358-59fba01e3792}</UniqueIdentifier>
    </Filter>
    <Filter Include="Test\Oak\Platform\FileSystem">
      <UniqueIdentifier>{0a66868f-53c9-440d-a47c-d8dc4c4ea4ab}</UniqueIdentifier>
    </Filter>
    <Filter Include="Test\Oak\Platform\Timer">
      <UniqueIdentifier>{f2285006-c2b5-4b16-b353-1e20ac5b493c}</UniqueIdentifier>
    </Filter>
    <Filter Include="Test\Oak\Platform\NetWork">
      <UniqueIdentifier>{02b23551-68e5-462e-9853-53033fc528b1}</UniqueIdentifier>
    </Filter>
  </ItemGroup>
  <ItemGroup>
    <ClInclude Include="..\..\..\Test\Oak\Platform\Thread\ThreadTest.hpp">
      <Filter>Test\Oak\Platform\Thread</Filter>
    </ClInclude>
    <ClInclude Include="..\..\..\Test\Oak\Platform\Thread\MutexTest.hpp">
      <Filter>Test\Oak\Platform\Thread</Filter>
    </ClInclude>
    <ClInclude Include="..\..\..\Test\Oak\Platform\Thread\CriticalSectionTest.hpp">
      <Filter>Test\Oak\Platform\Thread</Filter>
    </ClInclude>
    <ClInclude Include="..\..\..\Test\Oak\Platform\Thread\SemaphoreTest.hpp">
      <Filter>Test\Oak\Platform\Thread</Filter>
    </ClInclude>
    <ClInclude Include="..\..\..\Test\Oak\Platform\Thread\EventTest.hpp">
      <Filter>Test\Oak\Platform\Thread</Filter>
    </ClInclude>
    <ClInclude Include="..\..\..\Test\Oak\Platform\FileSystem\FileSystemTest.hpp">
      <Filter>Test\Oak\Platform\FileSystem</Filter>
    </ClInclude>
    <ClInclude Include="..\..\..\Test\Oak\Platform\Timer\TimerTest.hpp">
      <Filter>Test\Oak\Platform\Timer</Filter>
    </ClInclude>
    <ClInclude Include="..\..\..\Test\Oak\Platform\NetWork\NetWorkTest.hpp">
      <Filter>Test\Oak\Platform\NetWork</Filter>
    </ClInclude>
  </ItemGroup>
  <ItemGroup>
    <ClCompile Include="..\..\..\Test\Oak\Platform\PlatformMain.cpp">
      <Filter>Test\Oak\Platform</Filter>
    </ClCompile>
    <ClCompile Include="..\..\..\Test\Oak\Platform\Thread\ThreadTest.cpp">
      <Filter>Test\Oak\Platform\Thread</Filter>
    </ClCompile>
    <ClCompile Include="..\..\..\Test\Oak\Platform\Thread\MutexTest.cpp">
      <Filter>Test\Oak\Platform\Thread</Filter>
    </ClCompile>
    <ClCompile Include="..\..\..\Test\Oak\Platform\Thread\CriticalSectionTest.cpp">
      <Filter>Test\Oak\Platform\Thread</Filter>
    </ClCompile>
    <ClCompile Include="..\..\..\Test\Oak\Platform\Thread\SemaphoreTest.cpp">
      <Filter>Test\Oak\Platform\Thread</Filter>
    </ClCompile>
    <ClCompile Include="..\..\..\Test\Oak\Platform\Thread\EventTest.cpp">
      <Filter>Test\Oak\Platform\Thread</Filter>
    </ClCompile>
    <ClCompile Include="..\..\..\Test\Oak\Platform\FileSystem\FileSystemTest.cpp">
      <Filter>Test\Oak\Platform\FileSystem</Filter>
    </ClCompile>
    <ClCompile Include="..\..\..\Test\Oak\Platform\Timer\TimerTest.cpp">
      <Filter>Test\Oak\Platform\Timer</Filter>
    </ClCompile>
    <ClCompile Include="..\..\..\Test\Oak\Platform\NetWork\NetWorkTest.cpp">
      <Filter>Test\Oak\Platform\NetWork</Filter>
    </ClCompile>
  </ItemGroup>
</Project>