<?xml version="1.0" encoding="utf-8"?>
<Project ToolsVersion="4.0" xmlns="http://schemas.microsoft.com/developer/msbuild/2003">
  <ItemGroup>
    <Filter Include="Include">
      <UniqueIdentifier>{34550a43-a5c9-44b3-8e22-9a3e0201a3ba}</UniqueIdentifier>
    </Filter>
    <Filter Include="Include\Oak">
      <UniqueIdentifier>{d220f48d-4f8f-4500-845d-474c3fce89bc}</UniqueIdentifier>
    </Filter>
    <Filter Include="Include\Oak\Core">
      <UniqueIdentifier>{701d259e-c83b-43a2-8e29-62035c939a84}</UniqueIdentifier>
    </Filter>
    <Filter Include="Source">
      <UniqueIdentifier>{b445296b-3e55-4ef9-b9ec-171a4b9741d4}</UniqueIdentifier>
    </Filter>
    <Filter Include="Source\Oak">
      <UniqueIdentifier>{ddd1b330-55a9-4ba0-8dc4-6033079f24bc}</UniqueIdentifier>
    </Filter>
    <Filter Include="Source\Oak\Core">
      <UniqueIdentifier>{0e8eb7dd-2059-488a-b5e8-0a88a68c829e}</UniqueIdentifier>
    </Filter>
    <Filter Include="Source\Oak\Core\Wiin32">
      <UniqueIdentifier>{dfe9fab6-28cc-4863-86f3-653dadebb604}</UniqueIdentifier>
    </Filter>
    <Filter Include="Include\Oak\Core\Memory">
      <UniqueIdentifier>{da4b9ddf-9929-47f2-b15c-6e699b12fe2e}</UniqueIdentifier>
    </Filter>
    <Filter Include="Include\Oak\Core\Memory\Policy">
      <UniqueIdentifier>{c0c9b71a-abe1-42b8-899c-747ac765d2bc}</UniqueIdentifier>
    </Filter>
    <Filter Include="Source\Oak\Core\Memory">
      <UniqueIdentifier>{73e662e3-7282-439e-9a24-7278ddc4a380}</UniqueIdentifier>
    </Filter>
    <Filter Include="Source\Oak\Core\Memory\Policy">
      <UniqueIdentifier>{e6cf08d3-2ee4-4d68-9800-b3ad14d45bca}</UniqueIdentifier>
    </Filter>
  </ItemGroup>
  <ItemGroup>
    <ClInclude Include="..\..\..\Include\Oak\Core\Assert.hpp">
      <Filter>Include\Oak\Core</Filter>
    </ClInclude>
    <ClInclude Include="..\..\..\Include\Oak\Core\DebugBreak.hpp">
      <Filter>Include\Oak\Core</Filter>
    </ClInclude>
    <ClInclude Include="..\..\..\Include\Oak\Core\Log.hpp">
      <Filter>Include\Oak\Core</Filter>
    </ClInclude>
    <ClInclude Include="..\..\..\Include\Oak\Core\StackTrace.hpp">
      <Filter>Include\Oak\Core</Filter>
    </ClInclude>
    <ClInclude Include="..\..\..\Include\Oak\Core\Memory\AllocateConfig.hpp">
      <Filter>Include\Oak\Core\Memory</Filter>
    </ClInclude>
    <ClInclude Include="..\..\..\Include\Oak\Core\Memory\Policy\NedPoolingAllocatePolicy.hpp">
      <Filter>Include\Oak\Core\Memory\Policy</Filter>
    </ClInclude>
    <ClInclude Include="..\..\..\Include\Oak\Core\Memory\Policy\NedAllocatePolicy.hpp">
      <Filter>Include\Oak\Core\Memory\Policy</Filter>
    </ClInclude>
    <ClInclude Include="..\..\..\Include\Oak\Core\Memory\MemoryConfig.hpp">
      <Filter>Include\Oak\Core\Memory</Filter>
    </ClInclude>
    <ClInclude Include="..\..\..\Include\Oak\Core\Memory\Policy\StandardAllocatePolicy.hpp">
      <Filter>Include\Oak\Core\Memory\Policy</Filter>
    </ClInclude>
    <ClInclude Include="..\..\..\Include\Oak\Core\Memory\AlignedAllocator.hpp">
      <Filter>Include\Oak\Core\Memory</Filter>
    </ClInclude>
    <ClInclude Include="..\..\..\Include\Oak\Core\Bitwise.hpp">
      <Filter>Include\Oak\Core</Filter>
    </ClInclude>
    <ClInclude Include="..\..\..\Include\Oak\Core\Memory\MemoryTracker.hpp">
      <Filter>Include\Oak\Core\Memory</Filter>
    </ClInclude>
    <ClInclude Include="..\..\..\Include\Oak\Core\Memory\Heap.hpp">
      <Filter>Include\Oak\Core\Memory</Filter>
    </ClInclude>
    <ClInclude Include="..\..\..\Include\Oak\Core\Memory\HeapFactory.hpp">
      <Filter>Include\Oak\Core\Memory</Filter>
    </ClInclude>
    <ClInclude Include="..\..\..\Include\Oak\Core\Memory\MemoryManager.hpp">
      <Filter>Include\Oak\Core\Memory</Filter>
    </ClInclude>
    <ClInclude Include="..\..\..\Include\Oak\Core\Memory\HeapWalk.hpp">
      <Filter>Include\Oak\Core\Memory</Filter>
    </ClInclude>
    <ClInclude Include="..\..\..\Include\Oak\Core\JobSystem.hpp">
      <Filter>Include\Oak\Core</Filter>
    </ClInclude>
    <ClInclude Include="..\..\..\Include\Oak\Core\Memory\STLAllocator.hpp">
      <Filter>Include\Oak\Core\Memory</Filter>
    </ClInclude>
    <ClInclude Include="..\..\..\Include\Oak\Core\Memory\PolicyWrapper.hpp">
      <Filter>Include\Oak\Core\Memory</Filter>
    </ClInclude>
  </ItemGroup>
  <ItemGroup>
    <ClCompile Include="..\..\..\Source\Oak\Core\Assert.cpp">
      <Filter>Source\Oak\Core</Filter>
    </ClCompile>
    <ClCompile Include="..\..\..\Source\Oak\Core\Win32\StackTrace_Win32.cpp">
      <Filter>Source\Oak\Core\Wiin32</Filter>
    </ClCompile>
    <ClCompile Include="..\..\..\Source\Oak\Core\Win32\Log_Win32.cpp">
      <Filter>Source\Oak\Core\Wiin32</Filter>
    </ClCompile>
    <ClCompile Include="..\..\..\Source\Oak\Core\Memory\Policy\NedPoolingAllocatePolicy.cpp">
      <Filter>Source\Oak\Core\Memory\Policy</Filter>
    </ClCompile>
    <ClCompile Include="..\..\..\Source\Oak\Core\Memory\Policy\NedAllocatePolicy.cpp">
      <Filter>Source\Oak\Core\Memory\Policy</Filter>
    </ClCompile>
    <ClCompile Include="..\..\..\Source\Oak\Core\Memory\MemoryTracker.cpp">
      <Filter>Source\Oak\Core\Memory</Filter>
    </ClCompile>
    <ClCompile Include="..\..\..\Source\Oak\Core\Memory\Heap.cpp">
      <Filter>Source\Oak\Core\Memory</Filter>
    </ClCompile>
    <ClCompile Include="..\..\..\Source\Oak\Core\Memory\HeapFactory.cpp">
      <Filter>Source\Oak\Core\Memory</Filter>
    </ClCompile>
    <ClCompile Include="..\..\..\Source\Oak\Core\Memory\MemoryManager.cpp">
      <Filter>Source\Oak\Core\Memory</Filter>
    </ClCompile>
    <ClCompile Include="..\..\..\Source\Oak\Core\Memory\AlignedAllocator.cpp">
      <Filter>Source\Oak\Core\Memory</Filter>
    </ClCompile>
    <ClCompile Include="..\..\..\Source\Oak\Core\Memory\Policy\StandardAllocatePolicy.cpp">
      <Filter>Source\Oak\Core\Memory\Policy</Filter>
    </ClCompile>
  </ItemGroup>
</Project>